
Microsoft Visual Studio Solution File, Format Version 12.00
# Visual Studio Version 17
VisualStudioVersion = 17.0.32014.148
MinimumVisualStudioVersion = 10.0.40219.1
Project("{8BC9CEB8-8B4A-11D0-8D11-00A0C91BC942}") = "1. Multiples of 3 or 5", "Project Euler\Project Euler.vcxproj", "{C07ADE2B-D0C6-4CD0-8527-E7507790C6AB}"
EndProject
Project("{8BC9CEB8-8B4A-11D0-8D11-00A0C91BC942}") = "2. Even Fibonacci numbers", "2. Even Fibonacci numbers\2. Even Fibonacci numbers.vcxproj", "{AE49660F-48FB-4282-AD62-A87D4BCA26FE}"
EndProject
Project("{8BC9CEB8-8B4A-11D0-8D11-00A0C91BC942}") = "3. Largest prime factor", "3. Largest prime factor\3. Largest prime factor.vcxproj", "{05DC4861-46FF-4F41-B1DD-2108625E9ABB}"
EndProject
Project("{8BC9CEB8-8B4A-11D0-8D11-00A0C91BC942}") = "4. Largest palindrome product", "4. Largest palindrome product\4. Largest palindrome product.vcxproj", "{1A95C00B-E9C3-4ADE-901F-99507B53B598}"
EndProject
Global
	GlobalSection(SolutionConfigurationPlatforms) = preSolution
		Debug|x64 = Debug|x64
		Debug|x86 = Debug|x86
		Release|x64 = Release|x64
		Release|x86 = Release|x86
	EndGlobalSection
	GlobalSection(ProjectConfigurationPlatforms) = postSolution
		{C07ADE2B-D0C6-4CD0-8527-E7507790C6AB}.Debug|x64.ActiveCfg = Debug|x64
		{C07ADE2B-D0C6-4CD0-8527-E7507790C6AB}.Debug|x64.Build.0 = Debug|x64
		{C07ADE2B-D0C6-4CD0-8527-E7507790C6AB}.Debug|x86.ActiveCfg = Debug|Win32
		{C07ADE2B-D0C6-4CD0-8527-E7507790C6AB}.Debug|x86.Build.0 = Debug|Win32
		{C07ADE2B-D0C6-4CD0-8527-E7507790C6AB}.Release|x64.ActiveCfg = Release|x64
		{C07ADE2B-D0C6-4CD0-8527-E7507790C6AB}.Release|x64.Build.0 = Release|x64
		{C07ADE2B-D0C6-4CD0-8527-E7507790C6AB}.Release|x86.ActiveCfg = Release|Win32
		{C07ADE2B-D0C6-4CD0-8527-E7507790C6AB}.Release|x86.Build.0 = Release|Win32
		{AE49660F-48FB-4282-AD62-A87D4BCA26FE}.Debug|x64.ActiveCfg = Debug|x64
		{AE49660F-48FB-4282-AD62-A87D4BCA26FE}.Debug|x64.Build.0 = Debug|x64
		{AE49660F-48FB-4282-AD62-A87D4BCA26FE}.Debug|x86.ActiveCfg = Debug|Win32
		{AE49660F-48FB-4282-AD62-A87D4BCA26FE}.Debug|x86.Build.0 = Debug|Win32
		{AE49660F-48FB-4282-AD62-A87D4BCA26FE}.Release|x64.ActiveCfg = Release|x64
		{AE49660F-48FB-4282-AD62-A87D4BCA26FE}.Release|x64.Build.0 = Release|x64
		{AE49660F-48FB-4282-AD62-A87D4BCA26FE}.Release|x86.ActiveCfg = Release|Win32
		{AE49660F-48FB-4282-AD62-A87D4BCA26FE}.Release|x86.Build.0 = Release|Win32
		{05DC4861-46FF-4F41-B1DD-2108625E9ABB}.Debug|x64.ActiveCfg = Debug|x64
		{05DC4861-46FF-4F41-B1DD-2108625E9ABB}.Debug|x64.Build.0 = Debug|x64
		{05DC4861-46FF-4F41-B1DD-2108625E9ABB}.Debug|x86.ActiveCfg = Debug|Win32
		{05DC4861-46FF-4F41-B1DD-2108625E9ABB}.Debug|x86.Build.0 = Debug|Win32
		{05DC4861-46FF-4F41-B1DD-2108625E9ABB}.Release|x64.ActiveCfg = Release|x64
		{05DC4861-46FF-4F41-B1DD-2108625E9ABB}.Release|x64.Build.0 = Release|x64
		{05DC4861-46FF-4F41-B1DD-2108625E9ABB}.Release|x86.ActiveCfg = Release|Win32
		{05DC4861-46FF-4F41-B1DD-2108625E9ABB}.Release|x86.Build.0 = Release|Win32
		{1A95C00B-E9C3-4ADE-901F-99507B53B598}.Debug|x64.ActiveCfg = Debug|x64
		{1A95C00B-E9C3-4ADE-901F-99507B53B598}.Debug|x64.Build.0 = Debug|x64
		{1A95C00B-E9C3-4ADE-901F-99507B53B598}.Debug|x86.ActiveCfg = Debug|Win32
		{1A95C00B-E9C3-4ADE-901F-99507B53B598}.Debug|x86.Build.0 = Debug|Win32
		{1A95C00B-E9C3-4ADE-901F-99507B53B598}.Release|x64.ActiveCfg = Release|x64
		{1A95C00B-E9C3-4ADE-901F-99507B53B598}.Release|x64.Build.0 = Release|x64
		{1A95C00B-E9C3-4ADE-901F-99507B53B598}.Release|x86.ActiveCfg = Release|Win32
		{1A95C00B-E9C3-4ADE-901F-99507B53B598}.Release|x86.Build.0 = Release|Win32
	EndGlobalSection
	GlobalSection(SolutionProperties) = preSolution
		HideSolutionNode = FALSE
	EndGlobalSection
	GlobalSection(ExtensibilityGlobals) = postSolution
		SolutionGuid = {32B1E455-A23A-4D43-BE58-C44290CCCC2E}
	EndGlobalSection
EndGlobal
